# This file is automatically @generated by Cargo.
# It is not intended for manual editing.
version = 4

[[package]]
name = "cycms-api"
version = "0.1.0"

[[package]]
name = "cycms-auth"
version = "0.1.0"

[[package]]
name = "cycms-cli"
version = "0.1.0"

[[package]]
name = "cycms-config"
version = "0.1.0"

[[package]]
name = "cycms-content-engine"
version = "0.1.0"

[[package]]
name = "cycms-content-model"
version = "0.1.0"

[[package]]
name = "cycms-core"
version = "0.1.0"

[[package]]
name = "cycms-db"
version = "0.1.0"

[[package]]
name = "cycms-events"
version = "0.1.0"

[[package]]
name = "cycms-kernel"
version = "0.1.0"

[[package]]
name = "cycms-media"
version = "0.1.0"

[[package]]
name = "cycms-migrate"
version = "0.1.0"

[[package]]
name = "cycms-observability"
version = "0.1.0"

[[package]]
name = "cycms-openapi"
version = "0.1.0"

[[package]]
name = "cycms-permission"
version = "0.1.0"

[[package]]
name = "cycms-plugin-api"
version = "0.1.0"

[[package]]
name = "cycms-plugin-manager"
version = "0.1.0"

[[package]]
name = "cycms-plugin-native"
version = "0.1.0"

[[package]]
name = "cycms-plugin-wasm"
version = "0.1.0"

[[package]]
name = "cycms-publish"
version = "0.1.0"

[[package]]
name = "cycms-revision"
version = "0.1.0"

[[package]]
name = "cycms-settings"
version = "0.1.0"
